
Microsoft Visual Studio Solution File, Format Version 12.00
# Visual Studio 15
VisualStudioVersion = 15.0.27130.2027
MinimumVisualStudioVersion = 10.0.40219.1
Project("{FAE04EC0-301F-11D3-BF4B-00C04F79EFBC}") = "Alchemy", "Alchemy\Alchemy.csproj", "{57233120-BFBD-4A3E-BB3E-B1932EED48AE}"
EndProject
Global
	GlobalSection(SolutionConfigurationPlatforms) = preSolution
		Debug|Any CPU = Debug|Any CPU
		Release|Any CPU = Release|Any CPU
	EndGlobalSection
	GlobalSection(ProjectConfigurationPlatforms) = postSolution
		{57233120-BFBD-4A3E-BB3E-B1932EED48AE}.Debug|Any CPU.ActiveCfg = Debug|Any CPU
		{57233120-BFBD-4A3E-BB3E-B1932EED48AE}.Debug|Any CPU.Build.0 = Debug|Any CPU
		{57233120-BFBD-4A3E-BB3E-B1932EED48AE}.Release|Any CPU.ActiveCfg = Release|Any CPU
		{57233120-BFBD-4A3E-BB3E-B1932EED48AE}.Release|Any CPU.Build.0 = Release|Any CPU
	EndGlobalSection
	GlobalSection(SolutionProperties) = preSolution
		HideSolutionNode = FALSE
	EndGlobalSection
	GlobalSection(ExtensibilityGlobals) = postSolution
		SolutionGuid = {ACB3B889-F741-4F81-9A41-A67731831BEF}
	EndGlobalSection
EndGlobal
